// !$*UTF8*$!
{
	archiveVersion = 1;
	classes = {
	};
	objectVersion = 46;
	objects = {

/* Begin PBXBuildFile section */
		022BF9E41D2F896B00126414 /* CustomMediaCell.swift in Sources */ = {isa = PBXBuildFile; fileRef = 022BF9E31D2F896A00126414 /* CustomMediaCell.swift */; };
		0234F2CF1D2E53330020027D /* background.gif in Resources */ = {isa = PBXBuildFile; fileRef = 0234F2CE1D2E53330020027D /* background.gif */; };
		0234F2D11D2E6B020020027D /* Utils.swift in Sources */ = {isa = PBXBuildFile; fileRef = 0234F2D01D2E6B020020027D /* Utils.swift */; };
		025BFB961D25D7ED00342E55 /* LoginView.xib in Resources */ = {isa = PBXBuildFile; fileRef = 025BFB951D25D7ED00342E55 /* LoginView.xib */; };
		025BFB981D25D82600342E55 /* LoginView.swift in Sources */ = {isa = PBXBuildFile; fileRef = 025BFB971D25D82600342E55 /* LoginView.swift */; };
		0276B7991D1EB5B40007A4F2 /* File.swift in Sources */ = {isa = PBXBuildFile; fileRef = 0276B7981D1EB5B40007A4F2 /* File.swift */; };
		029887691D184B7A00D8903F /* LoginViewController.swift in Sources */ = {isa = PBXBuildFile; fileRef = 029887681D184B7A00D8903F /* LoginViewController.swift */; };
		02F2BA021D1DE664007CEDCB /* FBSDKCoreKit.framework in Frameworks */ = {isa = PBXBuildFile; fileRef = 02F2BA001D1DE664007CEDCB /* FBSDKCoreKit.framework */; };
		02F2BA031D1DE664007CEDCB /* FBSDKLoginKit.framework in Frameworks */ = {isa = PBXBuildFile; fileRef = 02F2BA011D1DE664007CEDCB /* FBSDKLoginKit.framework */; };
		02FCC2B31D1EA43C009EF1A7 /* SWRevealViewController.m in Sources */ = {isa = PBXBuildFile; fileRef = 02FCC2B21D1EA43C009EF1A7 /* SWRevealViewController.m */; };
		080C5B0B1D09716700D03509 /* CommentView.swift in Sources */ = {isa = PBXBuildFile; fileRef = 080C5B071D09716700D03509 /* CommentView.swift */; };
		080C5B0C1D09716700D03509 /* CommentView.xib in Resources */ = {isa = PBXBuildFile; fileRef = 080C5B081D09716700D03509 /* CommentView.xib */; };
		086F985A1D141C3600D40AA6 /* UploadPostController.swift in Sources */ = {isa = PBXBuildFile; fileRef = 086F98591D141C3600D40AA6 /* UploadPostController.swift */; };
		087708CE1D00862900EB983B /* VotesView.xib in Resources */ = {isa = PBXBuildFile; fileRef = 087708CD1D00862900EB983B /* VotesView.xib */; };
		087708D01D00867900EB983B /* VotesView.swift in Sources */ = {isa = PBXBuildFile; fileRef = 087708CF1D00867900EB983B /* VotesView.swift */; };
		087708D21D008F7400EB983B /* UpdateDetailViewController.swift in Sources */ = {isa = PBXBuildFile; fileRef = 087708D11D008F7400EB983B /* UpdateDetailViewController.swift */; };
		0890BD801D100AF500697E3F /* ApiManager.swift in Sources */ = {isa = PBXBuildFile; fileRef = 0890BD7F1D100AF500697E3F /* ApiManager.swift */; };
		08ABC22A145FC4AD3894B62D /* Pods_avaz.framework in Frameworks */ = {isa = PBXBuildFile; fileRef = A568DDBA42DE9773A46878D7 /* Pods_avaz.framework */; };
		08BFC4951CFC4034007C4651 /* AppDelegate.swift in Sources */ = {isa = PBXBuildFile; fileRef = 08BFC4941CFC4034007C4651 /* AppDelegate.swift */; };
		08BFC4971CFC4034007C4651 /* ViewController.swift in Sources */ = {isa = PBXBuildFile; fileRef = 08BFC4961CFC4034007C4651 /* ViewController.swift */; };
		08BFC49A1CFC4034007C4651 /* Main.storyboard in Resources */ = {isa = PBXBuildFile; fileRef = 08BFC4981CFC4034007C4651 /* Main.storyboard */; };
		08BFC49C1CFC4034007C4651 /* Assets.xcassets in Resources */ = {isa = PBXBuildFile; fileRef = 08BFC49B1CFC4034007C4651 /* Assets.xcassets */; };
		08BFC49F1CFC4034007C4651 /* LaunchScreen.storyboard in Resources */ = {isa = PBXBuildFile; fileRef = 08BFC49D1CFC4034007C4651 /* LaunchScreen.storyboard */; };
		08BFC4AD1CFC525E007C4651 /* CustomCell.swift in Sources */ = {isa = PBXBuildFile; fileRef = 08BFC4AC1CFC525E007C4651 /* CustomCell.swift */; };
		08BFC4AF1CFC576F007C4651 /* UpdateController.swift in Sources */ = {isa = PBXBuildFile; fileRef = 08BFC4AE1CFC576F007C4651 /* UpdateController.swift */; };
		08BFC4B11CFC5872007C4651 /* Post.swift in Sources */ = {isa = PBXBuildFile; fileRef = 08BFC4B01CFC5872007C4651 /* Post.swift */; };
		08C4456C1D1160C400CB48CB /* Pointer.swift in Sources */ = {isa = PBXBuildFile; fileRef = 08C4456B1D1160C400CB48CB /* Pointer.swift */; };
		08F49DE21D01C4EC005C0702 /* MapView.swift in Sources */ = {isa = PBXBuildFile; fileRef = 08F49DE11D01C4EC005C0702 /* MapView.swift */; };
		08F49DE41D01C7D6005C0702 /* MapView.xib in Resources */ = {isa = PBXBuildFile; fileRef = 08F49DE31D01C7D6005C0702 /* MapView.xib */; };
		08F49DE61D01DAC0005C0702 /* MapKit.framework in Frameworks */ = {isa = PBXBuildFile; fileRef = 08F49DE51D01DABF005C0702 /* MapKit.framework */; };
		08F554F31D1AB7A4000BFD63 /* RegisterViewController.swift in Sources */ = {isa = PBXBuildFile; fileRef = 08F554F21D1AB7A4000BFD63 /* RegisterViewController.swift */; };
/* End PBXBuildFile section */

/* Begin PBXFileReference section */
		00EFC70B920A6483C60163E5 /* Pods-avaz.debug.xcconfig */ = {isa = PBXFileReference; includeInIndex = 1; lastKnownFileType = text.xcconfig; name = "Pods-avaz.debug.xcconfig"; path = "Pods/Target Support Files/Pods-avaz/Pods-avaz.debug.xcconfig"; sourceTree = "<group>"; };
		022BF9E31D2F896A00126414 /* CustomMediaCell.swift */ = {isa = PBXFileReference; fileEncoding = 4; lastKnownFileType = sourcecode.swift; path = CustomMediaCell.swift; sourceTree = "<group>"; };
		0234F2CE1D2E53330020027D /* background.gif */ = {isa = PBXFileReference; lastKnownFileType = image.gif; path = background.gif; sourceTree = "<group>"; };
		0234F2D01D2E6B020020027D /* Utils.swift */ = {isa = PBXFileReference; fileEncoding = 4; lastKnownFileType = sourcecode.swift; path = Utils.swift; sourceTree = "<group>"; };
		025BFB951D25D7ED00342E55 /* LoginView.xib */ = {isa = PBXFileReference; fileEncoding = 4; lastKnownFileType = file.xib; path = LoginView.xib; sourceTree = "<group>"; };
		025BFB971D25D82600342E55 /* LoginView.swift */ = {isa = PBXFileReference; fileEncoding = 4; lastKnownFileType = sourcecode.swift; path = LoginView.swift; sourceTree = "<group>"; };
		0276B7981D1EB5B40007A4F2 /* File.swift */ = {isa = PBXFileReference; fileEncoding = 4; lastKnownFileType = sourcecode.swift; path = File.swift; sourceTree = "<group>"; };
		029887681D184B7A00D8903F /* LoginViewController.swift */ = {isa = PBXFileReference; fileEncoding = 4; lastKnownFileType = sourcecode.swift; path = LoginViewController.swift; sourceTree = "<group>"; };
		02A8D3821D16EE7C00F4E4CE /* MyPlayground.playground */ = {isa = PBXFileReference; lastKnownFileType = file.playground; path = MyPlayground.playground; sourceTree = "<group>"; };
		02F2BA001D1DE664007CEDCB /* FBSDKCoreKit.framework */ = {isa = PBXFileReference; lastKnownFileType = wrapper.framework; path = FBSDKCoreKit.framework; sourceTree = "<group>"; };
		02F2BA011D1DE664007CEDCB /* FBSDKLoginKit.framework */ = {isa = PBXFileReference; lastKnownFileType = wrapper.framework; path = FBSDKLoginKit.framework; sourceTree = "<group>"; };
		02F2BA041D1DE697007CEDCB /* avaz-Bridging-Header.h */ = {isa = PBXFileReference; lastKnownFileType = sourcecode.c.h; path = "avaz-Bridging-Header.h"; sourceTree = "<group>"; };
		02FCC2B11D1EA43C009EF1A7 /* SWRevealViewController.h */ = {isa = PBXFileReference; fileEncoding = 4; lastKnownFileType = sourcecode.c.h; path = SWRevealViewController.h; sourceTree = "<group>"; };
		02FCC2B21D1EA43C009EF1A7 /* SWRevealViewController.m */ = {isa = PBXFileReference; fileEncoding = 4; lastKnownFileType = sourcecode.c.objc; path = SWRevealViewController.m; sourceTree = "<group>"; };
		080C5B071D09716700D03509 /* CommentView.swift */ = {isa = PBXFileReference; fileEncoding = 4; lastKnownFileType = sourcecode.swift; path = CommentView.swift; sourceTree = "<group>"; };
		080C5B081D09716700D03509 /* CommentView.xib */ = {isa = PBXFileReference; fileEncoding = 4; lastKnownFileType = file.xib; path = CommentView.xib; sourceTree = "<group>"; };
		086F98591D141C3600D40AA6 /* UploadPostController.swift */ = {isa = PBXFileReference; fileEncoding = 4; lastKnownFileType = sourcecode.swift; path = UploadPostController.swift; sourceTree = "<group>"; };
		087708CD1D00862900EB983B /* VotesView.xib */ = {isa = PBXFileReference; fileEncoding = 4; lastKnownFileType = file.xib; path = VotesView.xib; sourceTree = "<group>"; };
		087708CF1D00867900EB983B /* VotesView.swift */ = {isa = PBXFileReference; fileEncoding = 4; lastKnownFileType = sourcecode.swift; path = VotesView.swift; sourceTree = "<group>"; };
		087708D11D008F7400EB983B /* UpdateDetailViewController.swift */ = {isa = PBXFileReference; fileEncoding = 4; lastKnownFileType = sourcecode.swift; path = UpdateDetailViewController.swift; sourceTree = "<group>"; };
		0890BD7F1D100AF500697E3F /* ApiManager.swift */ = {isa = PBXFileReference; fileEncoding = 4; lastKnownFileType = sourcecode.swift; path = ApiManager.swift; sourceTree = "<group>"; };
		08BFC4911CFC4034007C4651 /* avaz.app */ = {isa = PBXFileReference; explicitFileType = wrapper.application; includeInIndex = 0; path = avaz.app; sourceTree = BUILT_PRODUCTS_DIR; };
		08BFC4941CFC4034007C4651 /* AppDelegate.swift */ = {isa = PBXFileReference; lastKnownFileType = sourcecode.swift; path = AppDelegate.swift; sourceTree = "<group>"; };
		08BFC4961CFC4034007C4651 /* ViewController.swift */ = {isa = PBXFileReference; lastKnownFileType = sourcecode.swift; path = ViewController.swift; sourceTree = "<group>"; };
		08BFC4991CFC4034007C4651 /* Base */ = {isa = PBXFileReference; lastKnownFileType = file.storyboard; name = Base; path = Base.lproj/Main.storyboard; sourceTree = "<group>"; };
		08BFC49B1CFC4034007C4651 /* Assets.xcassets */ = {isa = PBXFileReference; lastKnownFileType = folder.assetcatalog; path = Assets.xcassets; sourceTree = "<group>"; };
		08BFC49E1CFC4034007C4651 /* Base */ = {isa = PBXFileReference; lastKnownFileType = file.storyboard; name = Base; path = Base.lproj/LaunchScreen.storyboard; sourceTree = "<group>"; };
		08BFC4A01CFC4034007C4651 /* Info.plist */ = {isa = PBXFileReference; lastKnownFileType = text.plist.xml; path = Info.plist; sourceTree = "<group>"; };
		08BFC4AC1CFC525E007C4651 /* CustomCell.swift */ = {isa = PBXFileReference; fileEncoding = 4; lastKnownFileType = sourcecode.swift; path = CustomCell.swift; sourceTree = "<group>"; };
		08BFC4AE1CFC576F007C4651 /* UpdateController.swift */ = {isa = PBXFileReference; fileEncoding = 4; lastKnownFileType = sourcecode.swift; path = UpdateController.swift; sourceTree = "<group>"; };
		08BFC4B01CFC5872007C4651 /* Post.swift */ = {isa = PBXFileReference; fileEncoding = 4; lastKnownFileType = sourcecode.swift; name = Post.swift; path = model/Post.swift; sourceTree = "<group>"; };
		08C4456B1D1160C400CB48CB /* Pointer.swift */ = {isa = PBXFileReference; fileEncoding = 4; lastKnownFileType = sourcecode.swift; path = Pointer.swift; sourceTree = "<group>"; };
		08F49DE11D01C4EC005C0702 /* MapView.swift */ = {isa = PBXFileReference; fileEncoding = 4; lastKnownFileType = sourcecode.swift; path = MapView.swift; sourceTree = "<group>"; };
		08F49DE31D01C7D6005C0702 /* MapView.xib */ = {isa = PBXFileReference; fileEncoding = 4; lastKnownFileType = file.xib; path = MapView.xib; sourceTree = "<group>"; };
		08F49DE51D01DABF005C0702 /* MapKit.framework */ = {isa = PBXFileReference; lastKnownFileType = wrapper.framework; name = MapKit.framework; path = System/Library/Frameworks/MapKit.framework; sourceTree = SDKROOT; };
		08F554F21D1AB7A4000BFD63 /* RegisterViewController.swift */ = {isa = PBXFileReference; fileEncoding = 4; lastKnownFileType = sourcecode.swift; path = RegisterViewController.swift; sourceTree = "<group>"; };
		16F0C07F7B693587672CDA9C /* Pods-avaz.release.xcconfig */ = {isa = PBXFileReference; includeInIndex = 1; lastKnownFileType = text.xcconfig; name = "Pods-avaz.release.xcconfig"; path = "Pods/Target Support Files/Pods-avaz/Pods-avaz.release.xcconfig"; sourceTree = "<group>"; };
		A568DDBA42DE9773A46878D7 /* Pods_avaz.framework */ = {isa = PBXFileReference; explicitFileType = wrapper.framework; includeInIndex = 0; path = Pods_avaz.framework; sourceTree = BUILT_PRODUCTS_DIR; };
/* End PBXFileReference section */

/* Begin PBXFrameworksBuildPhase section */
		08BFC48E1CFC4034007C4651 /* Frameworks */ = {
			isa = PBXFrameworksBuildPhase;
			buildActionMask = 2147483647;
			files = (
				08F49DE61D01DAC0005C0702 /* MapKit.framework in Frameworks */,
				02F2BA021D1DE664007CEDCB /* FBSDKCoreKit.framework in Frameworks */,
				02F2BA031D1DE664007CEDCB /* FBSDKLoginKit.framework in Frameworks */,
				08ABC22A145FC4AD3894B62D /* Pods_avaz.framework in Frameworks */,
			);
			runOnlyForDeploymentPostprocessing = 0;
		};
/* End PBXFrameworksBuildPhase section */

/* Begin PBXGroup section */
		02FCC2B01D1EA422009EF1A7 /* SWRevealViewController */ = {
			isa = PBXGroup;
			children = (
				02FCC2B11D1EA43C009EF1A7 /* SWRevealViewController.h */,
				02FCC2B21D1EA43C009EF1A7 /* SWRevealViewController.m */,
			);
			name = SWRevealViewController;
			sourceTree = "<group>";
		};
		08BFC4881CFC4034007C4651 = {
			isa = PBXGroup;
			children = (
				02F2BA001D1DE664007CEDCB /* FBSDKCoreKit.framework */,
				02F2BA011D1DE664007CEDCB /* FBSDKLoginKit.framework */,
				08F49DE51D01DABF005C0702 /* MapKit.framework */,
				08BFC4931CFC4034007C4651 /* avaz */,
				08BFC4921CFC4034007C4651 /* Products */,
				92AF3540184B7ACDCD16F006 /* Pods */,
				D6A392A62FDC6C17522B9EA7 /* Frameworks */,
			);
			sourceTree = "<group>";
		};
		08BFC4921CFC4034007C4651 /* Products */ = {
			isa = PBXGroup;
			children = (
				08BFC4911CFC4034007C4651 /* avaz.app */,
			);
			name = Products;
			sourceTree = "<group>";
		};
		08BFC4931CFC4034007C4651 /* avaz */ = {
			isa = PBXGroup;
			children = (
				02FCC2B01D1EA422009EF1A7 /* SWRevealViewController */,
				08BFC4941CFC4034007C4651 /* AppDelegate.swift */,
				08BFC49B1CFC4034007C4651 /* Assets.xcassets */,
				0234F2CE1D2E53330020027D /* background.gif */,
				08BFC4AC1CFC525E007C4651 /* CustomCell.swift */,
				08BFC4A01CFC4034007C4651 /* Info.plist */,
				08BFC49D1CFC4034007C4651 /* LaunchScreen.storyboard */,
				08BFC4981CFC4034007C4651 /* Main.storyboard */,
				025BFB951D25D7ED00342E55 /* LoginView.xib */,
				025BFB971D25D82600342E55 /* LoginView.swift */,
				0276B7981D1EB5B40007A4F2 /* File.swift */,
				08F554F21D1AB7A4000BFD63 /* RegisterViewController.swift */,
				029887681D184B7A00D8903F /* LoginViewController.swift */,
				022BF9E31D2F896A00126414 /* CustomMediaCell.swift */,
				086F98591D141C3600D40AA6 /* UploadPostController.swift */,
				0234F2D01D2E6B020020027D /* Utils.swift */,
				08F49DE11D01C4EC005C0702 /* MapView.swift */,
				08F49DE31D01C7D6005C0702 /* MapView.xib */,
				080C5B071D09716700D03509 /* CommentView.swift */,
				080C5B081D09716700D03509 /* CommentView.xib */,
				08BFC4B01CFC5872007C4651 /* Post.swift */,
				08BFC4AE1CFC576F007C4651 /* UpdateController.swift */,
				087708D11D008F7400EB983B /* UpdateDetailViewController.swift */,
				0890BD7F1D100AF500697E3F /* ApiManager.swift */,
				08C4456B1D1160C400CB48CB /* Pointer.swift */,
				087708CF1D00867900EB983B /* VotesView.swift */,
				08BFC4961CFC4034007C4651 /* ViewController.swift */,
				087708CD1D00862900EB983B /* VotesView.xib */,
				02A8D3821D16EE7C00F4E4CE /* MyPlayground.playground */,
				02F2BA041D1DE697007CEDCB /* avaz-Bridging-Header.h */,
			);
			path = avaz;
			sourceTree = "<group>";
		};
		92AF3540184B7ACDCD16F006 /* Pods */ = {
			isa = PBXGroup;
			children = (
				00EFC70B920A6483C60163E5 /* Pods-avaz.debug.xcconfig */,
				16F0C07F7B693587672CDA9C /* Pods-avaz.release.xcconfig */,
			);
			name = Pods;
			sourceTree = "<group>";
		};
		D6A392A62FDC6C17522B9EA7 /* Frameworks */ = {
			isa = PBXGroup;
			children = (
				A568DDBA42DE9773A46878D7 /* Pods_avaz.framework */,
			);
			name = Frameworks;
			sourceTree = "<group>";
		};
/* End PBXGroup section */

/* Begin PBXNativeTarget section */
		08BFC4901CFC4034007C4651 /* avaz */ = {
			isa = PBXNativeTarget;
			buildConfigurationList = 08BFC4A31CFC4034007C4651 /* Build configuration list for PBXNativeTarget "avaz" */;
			buildPhases = (
				68F0742487170257ED257D34 /* Check Pods Manifest.lock */,
				08BFC48D1CFC4034007C4651 /* Sources */,
				08BFC48E1CFC4034007C4651 /* Frameworks */,
				08BFC48F1CFC4034007C4651 /* Resources */,
				1DA16397597B782F50187F5C /* Embed Pods Frameworks */,
				DBFDAC9435DA585AF28D426B /* Copy Pods Resources */,
			);
			buildRules = (
			);
			dependencies = (
			);
			name = avaz;
			productName = avaz;
			productReference = 08BFC4911CFC4034007C4651 /* avaz.app */;
			productType = "com.apple.product-type.application";
		};
/* End PBXNativeTarget section */

/* Begin PBXProject section */
		08BFC4891CFC4034007C4651 /* Project object */ = {
			isa = PBXProject;
			attributes = {
				LastSwiftUpdateCheck = 0730;
				LastUpgradeCheck = 0730;
				ORGANIZATIONNAME = Nerdiacs;
				TargetAttributes = {
					08BFC4901CFC4034007C4651 = {
						CreatedOnToolsVersion = 7.3;
						DevelopmentTeam = KHXEFE8YB3;
						SystemCapabilities = {
							com.apple.BackgroundModes = {
								enabled = 0;
							};
							com.apple.Maps.iOS = {
								enabled = 1;
							};
						};
					};
				};
			};
			buildConfigurationList = 08BFC48C1CFC4034007C4651 /* Build configuration list for PBXProject "avaz" */;
			compatibilityVersion = "Xcode 3.2";
			developmentRegion = English;
			hasScannedForEncodings = 0;
			knownRegions = (
				en,
				Base,
			);
			mainGroup = 08BFC4881CFC4034007C4651;
			productRefGroup = 08BFC4921CFC4034007C4651 /* Products */;
			projectDirPath = "";
			projectRoot = "";
			targets = (
				08BFC4901CFC4034007C4651 /* avaz */,
			);
		};
/* End PBXProject section */

/* Begin PBXResourcesBuildPhase section */
		08BFC48F1CFC4034007C4651 /* Resources */ = {
			isa = PBXResourcesBuildPhase;
			buildActionMask = 2147483647;
			files = (
				08BFC49F1CFC4034007C4651 /* LaunchScreen.storyboard in Resources */,
				08BFC49C1CFC4034007C4651 /* Assets.xcassets in Resources */,
				0234F2CF1D2E53330020027D /* background.gif in Resources */,
				087708CE1D00862900EB983B /* VotesView.xib in Resources */,
				025BFB961D25D7ED00342E55 /* LoginView.xib in Resources */,
				080C5B0C1D09716700D03509 /* CommentView.xib in Resources */,
				08BFC49A1CFC4034007C4651 /* Main.storyboard in Resources */,
				08F49DE41D01C7D6005C0702 /* MapView.xib in Resources */,
			);
			runOnlyForDeploymentPostprocessing = 0;
		};
/* End PBXResourcesBuildPhase section */

/* Begin PBXShellScriptBuildPhase section */
		1DA16397597B782F50187F5C /* Embed Pods Frameworks */ = {
			isa = PBXShellScriptBuildPhase;
			buildActionMask = 2147483647;
			files = (
			);
			inputPaths = (
			);
			name = "Embed Pods Frameworks";
			outputPaths = (
			);
			runOnlyForDeploymentPostprocessing = 0;
			shellPath = /bin/sh;
			shellScript = "\"${SRCROOT}/Pods/Target Support Files/Pods-avaz/Pods-avaz-frameworks.sh\"\n";
			showEnvVarsInLog = 0;
		};
		68F0742487170257ED257D34 /* Check Pods Manifest.lock */ = {
			isa = PBXShellScriptBuildPhase;
			buildActionMask = 2147483647;
			files = (
			);
			inputPaths = (
			);
			name = "Check Pods Manifest.lock";
			outputPaths = (
			);
			runOnlyForDeploymentPostprocessing = 0;
			shellPath = /bin/sh;
			shellScript = "diff \"${PODS_ROOT}/../Podfile.lock\" \"${PODS_ROOT}/Manifest.lock\" > /dev/null\nif [[ $? != 0 ]] ; then\n    cat << EOM\nerror: The sandbox is not in sync with the Podfile.lock. Run 'pod install' or update your CocoaPods installation.\nEOM\n    exit 1\nfi\n";
			showEnvVarsInLog = 0;
		};
		DBFDAC9435DA585AF28D426B /* Copy Pods Resources */ = {
			isa = PBXShellScriptBuildPhase;
			buildActionMask = 2147483647;
			files = (
			);
			inputPaths = (
			);
			name = "Copy Pods Resources";
			outputPaths = (
			);
			runOnlyForDeploymentPostprocessing = 0;
			shellPath = /bin/sh;
			shellScript = "\"${SRCROOT}/Pods/Target Support Files/Pods-avaz/Pods-avaz-resources.sh\"\n";
			showEnvVarsInLog = 0;
		};
/* End PBXShellScriptBuildPhase section */

/* Begin PBXSourcesBuildPhase section */
		08BFC48D1CFC4034007C4651 /* Sources */ = {
			isa = PBXSourcesBuildPhase;
			buildActionMask = 2147483647;
			files = (
				022BF9E41D2F896B00126414 /* CustomMediaCell.swift in Sources */,
				087708D21D008F7400EB983B /* UpdateDetailViewController.swift in Sources */,
				08F49DE21D01C4EC005C0702 /* MapView.swift in Sources */,
				02FCC2B31D1EA43C009EF1A7 /* SWRevealViewController.m in Sources */,
				087708D01D00867900EB983B /* VotesView.swift in Sources */,
				0890BD801D100AF500697E3F /* ApiManager.swift in Sources */,
				0276B7991D1EB5B40007A4F2 /* File.swift in Sources */,
				086F985A1D141C3600D40AA6 /* UploadPostController.swift in Sources */,
				08BFC4AF1CFC576F007C4651 /* UpdateController.swift in Sources */,
				08BFC4971CFC4034007C4651 /* ViewController.swift in Sources */,
				08BFC4951CFC4034007C4651 /* AppDelegate.swift in Sources */,
				025BFB981D25D82600342E55 /* LoginView.swift in Sources */,
				0234F2D11D2E6B020020027D /* Utils.swift in Sources */,
				08BFC4AD1CFC525E007C4651 /* CustomCell.swift in Sources */,
				08F554F31D1AB7A4000BFD63 /* RegisterViewController.swift in Sources */,
				080C5B0B1D09716700D03509 /* CommentView.swift in Sources */,
				08BFC4B11CFC5872007C4651 /* Post.swift in Sources */,
				029887691D184B7A00D8903F /* LoginViewController.swift in Sources */,
				08C4456C1D1160C400CB48CB /* Pointer.swift in Sources */,
			);
			runOnlyForDeploymentPostprocessing = 0;
		};
/* End PBXSourcesBuildPhase section */

/* Begin PBXVariantGroup section */
		08BFC4981CFC4034007C4651 /* Main.storyboard */ = {
			isa = PBXVariantGroup;
			children = (
				08BFC4991CFC4034007C4651 /* Base */,
			);
			name = Main.storyboard;
			sourceTree = "<group>";
		};
		08BFC49D1CFC4034007C4651 /* LaunchScreen.storyboard */ = {
			isa = PBXVariantGroup;
			children = (
				08BFC49E1CFC4034007C4651 /* Base */,
			);
			name = LaunchScreen.storyboard;
			sourceTree = "<group>";
		};
/* End PBXVariantGroup section */

/* Begin XCBuildConfiguration section */
		08BFC4A11CFC4034007C4651 /* Debug */ = {
			isa = XCBuildConfiguration;
			buildSettings = {
				ALWAYS_SEARCH_USER_PATHS = NO;
				CLANG_ANALYZER_NONNULL = YES;
				CLANG_CXX_LANGUAGE_STANDARD = "gnu++0x";
				CLANG_CXX_LIBRARY = "libc++";
				CLANG_ENABLE_MODULES = YES;
				CLANG_ENABLE_OBJC_ARC = YES;
				CLANG_WARN_BOOL_CONVERSION = YES;
				CLANG_WARN_CONSTANT_CONVERSION = YES;
				CLANG_WARN_DIRECT_OBJC_ISA_USAGE = YES_ERROR;
				CLANG_WARN_EMPTY_BODY = YES;
				CLANG_WARN_ENUM_CONVERSION = YES;
				CLANG_WARN_INT_CONVERSION = YES;
				CLANG_WARN_OBJC_ROOT_CLASS = YES_ERROR;
				CLANG_WARN_UNREACHABLE_CODE = YES;
				CLANG_WARN__DUPLICATE_METHOD_MATCH = YES;
				"CODE_SIGN_IDENTITY[sdk=iphoneos*]" = "iPhone Developer";
				COPY_PHASE_STRIP = NO;
				DEBUG_INFORMATION_FORMAT = dwarf;
				ENABLE_STRICT_OBJC_MSGSEND = YES;
				ENABLE_TESTABILITY = YES;
				GCC_C_LANGUAGE_STANDARD = gnu99;
				GCC_DYNAMIC_NO_PIC = NO;
				GCC_NO_COMMON_BLOCKS = YES;
				GCC_OPTIMIZATION_LEVEL = 0;
				GCC_PREPROCESSOR_DEFINITIONS = (
					"DEBUG=1",
					"$(inherited)",
				);
				GCC_WARN_64_TO_32_BIT_CONVERSION = YES;
				GCC_WARN_ABOUT_RETURN_TYPE = YES_ERROR;
				GCC_WARN_UNDECLARED_SELECTOR = YES;
				GCC_WARN_UNINITIALIZED_AUTOS = YES_AGGRESSIVE;
				GCC_WARN_UNUSED_FUNCTION = YES;
				GCC_WARN_UNUSED_VARIABLE = YES;
				IPHONEOS_DEPLOYMENT_TARGET = 9.3;
				MTL_ENABLE_DEBUG_INFO = YES;
				ONLY_ACTIVE_ARCH = YES;
				SDKROOT = iphoneos;
				SWIFT_OPTIMIZATION_LEVEL = "-Onone";
				TARGETED_DEVICE_FAMILY = "1,2";
			};
			name = Debug;
		};
		08BFC4A21CFC4034007C4651 /* Release */ = {
			isa = XCBuildConfiguration;
			buildSettings = {
				ALWAYS_SEARCH_USER_PATHS = NO;
				CLANG_ANALYZER_NONNULL = YES;
				CLANG_CXX_LANGUAGE_STANDARD = "gnu++0x";
				CLANG_CXX_LIBRARY = "libc++";
				CLANG_ENABLE_MODULES = YES;
				CLANG_ENABLE_OBJC_ARC = YES;
				CLANG_WARN_BOOL_CONVERSION = YES;
				CLANG_WARN_CONSTANT_CONVERSION = YES;
				CLANG_WARN_DIRECT_OBJC_ISA_USAGE = YES_ERROR;
				CLANG_WARN_EMPTY_BODY = YES;
				CLANG_WARN_ENUM_CONVERSION = YES;
				CLANG_WARN_INT_CONVERSION = YES;
				CLANG_WARN_OBJC_ROOT_CLASS = YES_ERROR;
				CLANG_WARN_UNREACHABLE_CODE = YES;
				CLANG_WARN__DUPLICATE_METHOD_MATCH = YES;
				"CODE_SIGN_IDENTITY[sdk=iphoneos*]" = "iPhone Developer";
				COPY_PHASE_STRIP = NO;
				DEBUG_INFORMATION_FORMAT = "dwarf-with-dsym";
				ENABLE_NS_ASSERTIONS = NO;
				ENABLE_STRICT_OBJC_MSGSEND = YES;
				GCC_C_LANGUAGE_STANDARD = gnu99;
				GCC_NO_COMMON_BLOCKS = YES;
				GCC_WARN_64_TO_32_BIT_CONVERSION = YES;
				GCC_WARN_ABOUT_RETURN_TYPE = YES_ERROR;
				GCC_WARN_UNDECLARED_SELECTOR = YES;
				GCC_WARN_UNINITIALIZED_AUTOS = YES_AGGRESSIVE;
				GCC_WARN_UNUSED_FUNCTION = YES;
				GCC_WARN_UNUSED_VARIABLE = YES;
				IPHONEOS_DEPLOYMENT_TARGET = 9.3;
				MTL_ENABLE_DEBUG_INFO = NO;
				SDKROOT = iphoneos;
				TARGETED_DEVICE_FAMILY = "1,2";
				VALIDATE_PRODUCT = YES;
			};
			name = Release;
		};
		08BFC4A41CFC4034007C4651 /* Debug */ = {
			isa = XCBuildConfiguration;
			baseConfigurationReference = 00EFC70B920A6483C60163E5 /* Pods-avaz.debug.xcconfig */;
			buildSettings = {
				ASSETCATALOG_COMPILER_APPICON_NAME = AppIcon;
				CLANG_ENABLE_MODULES = YES;
				CODE_SIGN_IDENTITY = "iPhone Developer";
				FRAMEWORK_SEARCH_PATHS = (
					"$(inherited)",
					"$(PROJECT_DIR)",
				);
				INFOPLIST_FILE = avaz/Info.plist;
				LD_RUNPATH_SEARCH_PATHS = "$(inherited) @executable_path/Frameworks";
				PRODUCT_BUNDLE_IDENTIFIER = com.nerdiacs.avaz;
				PRODUCT_NAME = "$(TARGET_NAME)";
				SWIFT_OBJC_BRIDGING_HEADER = "avaz/avaz-Bridging-Header.h";
				SWIFT_OPTIMIZATION_LEVEL = "-Onone";
			};
			name = Debug;
		};
		08BFC4A51CFC4034007C4651 /* Release */ = {
			isa = XCBuildConfiguration;
			baseConfigurationReference = 16F0C07F7B693587672CDA9C /* Pods-avaz.release.xcconfig */;
			buildSettings = {
				ASSETCATALOG_COMPILER_APPICON_NAME = AppIcon;
				CLANG_ENABLE_MODULES = YES;
				CODE_SIGN_IDENTITY = "iPhone Developer";
				FRAMEWORK_SEARCH_PATHS = (
					"$(inherited)",
					"$(PROJECT_DIR)",
				);
				INFOPLIST_FILE = avaz/Info.plist;
				LD_RUNPATH_SEARCH_PATHS = "$(inherited) @executable_path/Frameworks";
				PRODUCT_BUNDLE_IDENTIFIER = com.nerdiacs.avaz;
				PRODUCT_NAME = "$(TARGET_NAME)";
				SWIFT_OBJC_BRIDGING_HEADER = "avaz/avaz-Bridging-Header.h";
			};
			name = Release;
		};
/* End XCBuildConfiguration section */

/* Begin XCConfigurationList section */
		08BFC48C1CFC4034007C4651 /* Build configuration list for PBXProject "avaz" */ = {
			isa = XCConfigurationList;
			buildConfigurations = (
				08BFC4A11CFC4034007C4651 /* Debug */,
				08BFC4A21CFC4034007C4651 /* Release */,
			);
			defaultConfigurationIsVisible = 0;
			defaultConfigurationName = Release;
		};
		08BFC4A31CFC4034007C4651 /* Build configuration list for PBXNativeTarget "avaz" */ = {
			isa = XCConfigurationList;
			buildConfigurations = (
				08BFC4A41CFC4034007C4651 /* Debug */,
				08BFC4A51CFC4034007C4651 /* Release */,
			);
			defaultConfigurationIsVisible = 0;
			defaultConfigurationName = Release;
		};
/* End XCConfigurationList section */
	};
	rootObject = 08BFC4891CFC4034007C4651 /* Project object */;
}
